
Microsoft Visual Studio Solution File, Format Version 12.00
# Visual Studio Version 16
VisualStudioVersion = 16.0.30717.126
MinimumVisualStudioVersion = 10.0.40219.1
Project("{9A19103F-16F7-4668-BE54-9A1E7A4F7556}") = "TaskCollector", "TaskCollector\TaskCollector.csproj", "{24E50D77-4E82-4542-B167-7800E234F730}"
EndProject
Project("{9A19103F-16F7-4668-BE54-9A1E7A4F7556}") = "Deploy", "Deploy\Deploy.csproj", "{F45CD4F6-00F2-459B-B411-FCDDEA0C57C7}"
EndProject
Project("{9A19103F-16F7-4668-BE54-9A1E7A4F7556}") = "Service", "Service\Service.csproj", "{A96FA4FF-D816-4EFB-A61F-FC5ABC9B8DD3}"
EndProject
Project("{9A19103F-16F7-4668-BE54-9A1E7A4F7556}") = "Contract", "Contract\Contract.csproj", "{6F7E460C-88EC-44F0-BE90-E67B98DC5469}"
EndProject
Project("{9A19103F-16F7-4668-BE54-9A1E7A4F7556}") = "Db", "Db\Db.csproj", "{30FB47F6-6C59-464E-A2F4-079D9D1F3915}"
EndProject
Project("{9A19103F-16F7-4668-BE54-9A1E7A4F7556}") = "UnitTests", "UnitTests\UnitTests.csproj", "{84DFAE7A-3C0F-4190-B7C0-5E44B1AF3377}"
EndProject
Project("{9A19103F-16F7-4668-BE54-9A1E7A4F7556}") = "Common", "Common\Common.csproj", "{09FB7A6E-4F8E-4535-8881-98D5DCCA48DF}"
EndProject
Project("{9A19103F-16F7-4668-BE54-9A1E7A4F7556}") = "IntegrationTests", "IntegrationTests\IntegrationTests.csproj", "{ACF42C81-C57B-4698-BC6F-2D0F12C84B10}"
EndProject
Project("{930C7802-8A8C-48F9-8165-68863BCCD9DD}") = "ServerInstaller", "ServerInstaller\ServerInstaller.wixproj", "{87100A3B-CE02-4A9A-805B-C23D1C03A9A4}"
EndProject
Project("{FAE04EC0-301F-11D3-BF4B-00C04F79EFBC}") = "CustomAction", "CustomAction\CustomAction.csproj", "{D0206906-9F6F-4DC3-9A97-407B7F5EA3CF}"
EndProject
Global
	GlobalSection(SolutionConfigurationPlatforms) = preSolution
		Debug|Any CPU = Debug|Any CPU
		Debug|x86 = Debug|x86
		Release|Any CPU = Release|Any CPU
		Release|x86 = Release|x86
	EndGlobalSection
	GlobalSection(ProjectConfigurationPlatforms) = postSolution
		{24E50D77-4E82-4542-B167-7800E234F730}.Debug|Any CPU.ActiveCfg = Debug|Any CPU
		{24E50D77-4E82-4542-B167-7800E234F730}.Debug|Any CPU.Build.0 = Debug|Any CPU
		{24E50D77-4E82-4542-B167-7800E234F730}.Debug|x86.ActiveCfg = Debug|Any CPU
		{24E50D77-4E82-4542-B167-7800E234F730}.Debug|x86.Build.0 = Debug|Any CPU
		{24E50D77-4E82-4542-B167-7800E234F730}.Release|Any CPU.ActiveCfg = Release|Any CPU
		{24E50D77-4E82-4542-B167-7800E234F730}.Release|Any CPU.Build.0 = Release|Any CPU
		{24E50D77-4E82-4542-B167-7800E234F730}.Release|x86.ActiveCfg = Release|Any CPU
		{24E50D77-4E82-4542-B167-7800E234F730}.Release|x86.Build.0 = Release|Any CPU
		{F45CD4F6-00F2-459B-B411-FCDDEA0C57C7}.Debug|Any CPU.ActiveCfg = Debug|Any CPU
		{F45CD4F6-00F2-459B-B411-FCDDEA0C57C7}.Debug|Any CPU.Build.0 = Debug|Any CPU
		{F45CD4F6-00F2-459B-B411-FCDDEA0C57C7}.Debug|x86.ActiveCfg = Debug|Any CPU
		{F45CD4F6-00F2-459B-B411-FCDDEA0C57C7}.Debug|x86.Build.0 = Debug|Any CPU
		{F45CD4F6-00F2-459B-B411-FCDDEA0C57C7}.Release|Any CPU.ActiveCfg = Release|Any CPU
		{F45CD4F6-00F2-459B-B411-FCDDEA0C57C7}.Release|Any CPU.Build.0 = Release|Any CPU
		{F45CD4F6-00F2-459B-B411-FCDDEA0C57C7}.Release|x86.ActiveCfg = Release|Any CPU
		{F45CD4F6-00F2-459B-B411-FCDDEA0C57C7}.Release|x86.Build.0 = Release|Any CPU
		{A96FA4FF-D816-4EFB-A61F-FC5ABC9B8DD3}.Debug|Any CPU.ActiveCfg = Debug|Any CPU
		{A96FA4FF-D816-4EFB-A61F-FC5ABC9B8DD3}.Debug|Any CPU.Build.0 = Debug|Any CPU
		{A96FA4FF-D816-4EFB-A61F-FC5ABC9B8DD3}.Debug|x86.ActiveCfg = Debug|Any CPU
		{A96FA4FF-D816-4EFB-A61F-FC5ABC9B8DD3}.Debug|x86.Build.0 = Debug|Any CPU
		{A96FA4FF-D816-4EFB-A61F-FC5ABC9B8DD3}.Release|Any CPU.ActiveCfg = Release|Any CPU
		{A96FA4FF-D816-4EFB-A61F-FC5ABC9B8DD3}.Release|Any CPU.Build.0 = Release|Any CPU
		{A96FA4FF-D816-4EFB-A61F-FC5ABC9B8DD3}.Release|x86.ActiveCfg = Release|Any CPU
		{A96FA4FF-D816-4EFB-A61F-FC5ABC9B8DD3}.Release|x86.Build.0 = Release|Any CPU
		{6F7E460C-88EC-44F0-BE90-E67B98DC5469}.Debug|Any CPU.ActiveCfg = Debug|Any CPU
		{6F7E460C-88EC-44F0-BE90-E67B98DC5469}.Debug|Any CPU.Build.0 = Debug|Any CPU
		{6F7E460C-88EC-44F0-BE90-E67B98DC5469}.Debug|x86.ActiveCfg = Debug|Any CPU
		{6F7E460C-88EC-44F0-BE90-E67B98DC5469}.Debug|x86.Build.0 = Debug|Any CPU
		{6F7E460C-88EC-44F0-BE90-E67B98DC5469}.Release|Any CPU.ActiveCfg = Release|Any CPU
		{6F7E460C-88EC-44F0-BE90-E67B98DC5469}.Release|Any CPU.Build.0 = Release|Any CPU
		{6F7E460C-88EC-44F0-BE90-E67B98DC5469}.Release|x86.ActiveCfg = Release|Any CPU
		{6F7E460C-88EC-44F0-BE90-E67B98DC5469}.Release|x86.Build.0 = Release|Any CPU
		{30FB47F6-6C59-464E-A2F4-079D9D1F3915}.Debug|Any CPU.ActiveCfg = Debug|Any CPU
		{30FB47F6-6C59-464E-A2F4-079D9D1F3915}.Debug|Any CPU.Build.0 = Debug|Any CPU
		{30FB47F6-6C59-464E-A2F4-079D9D1F3915}.Debug|x86.ActiveCfg = Debug|Any CPU
		{30FB47F6-6C59-464E-A2F4-079D9D1F3915}.Debug|x86.Build.0 = Debug|Any CPU
		{30FB47F6-6C59-464E-A2F4-079D9D1F3915}.Release|Any CPU.ActiveCfg = Release|Any CPU
		{30FB47F6-6C59-464E-A2F4-079D9D1F3915}.Release|Any CPU.Build.0 = Release|Any CPU
		{30FB47F6-6C59-464E-A2F4-079D9D1F3915}.Release|x86.ActiveCfg = Release|Any CPU
		{30FB47F6-6C59-464E-A2F4-079D9D1F3915}.Release|x86.Build.0 = Release|Any CPU
		{84DFAE7A-3C0F-4190-B7C0-5E44B1AF3377}.Debug|Any CPU.ActiveCfg = Debug|Any CPU
		{84DFAE7A-3C0F-4190-B7C0-5E44B1AF3377}.Debug|Any CPU.Build.0 = Debug|Any CPU
		{84DFAE7A-3C0F-4190-B7C0-5E44B1AF3377}.Debug|x86.ActiveCfg = Debug|Any CPU
		{84DFAE7A-3C0F-4190-B7C0-5E44B1AF3377}.Debug|x86.Build.0 = Debug|Any CPU
		{84DFAE7A-3C0F-4190-B7C0-5E44B1AF3377}.Release|Any CPU.ActiveCfg = Release|Any CPU
		{84DFAE7A-3C0F-4190-B7C0-5E44B1AF3377}.Release|Any CPU.Build.0 = Release|Any CPU
		{84DFAE7A-3C0F-4190-B7C0-5E44B1AF3377}.Release|x86.ActiveCfg = Release|Any CPU
		{84DFAE7A-3C0F-4190-B7C0-5E44B1AF3377}.Release|x86.Build.0 = Release|Any CPU
		{09FB7A6E-4F8E-4535-8881-98D5DCCA48DF}.Debug|Any CPU.ActiveCfg = Debug|Any CPU
		{09FB7A6E-4F8E-4535-8881-98D5DCCA48DF}.Debug|Any CPU.Build.0 = Debug|Any CPU
		{09FB7A6E-4F8E-4535-8881-98D5DCCA48DF}.Debug|x86.ActiveCfg = Debug|Any CPU
		{09FB7A6E-4F8E-4535-8881-98D5DCCA48DF}.Debug|x86.Build.0 = Debug|Any CPU
		{09FB7A6E-4F8E-4535-8881-98D5DCCA48DF}.Release|Any CPU.ActiveCfg = Release|Any CPU
		{09FB7A6E-4F8E-4535-8881-98D5DCCA48DF}.Release|Any CPU.Build.0 = Release|Any CPU
		{09FB7A6E-4F8E-4535-8881-98D5DCCA48DF}.Release|x86.ActiveCfg = Release|Any CPU
		{09FB7A6E-4F8E-4535-8881-98D5DCCA48DF}.Release|x86.Build.0 = Release|Any CPU
		{ACF42C81-C57B-4698-BC6F-2D0F12C84B10}.Debug|Any CPU.ActiveCfg = Debug|Any CPU
		{ACF42C81-C57B-4698-BC6F-2D0F12C84B10}.Debug|Any CPU.Build.0 = Debug|Any CPU
		{ACF42C81-C57B-4698-BC6F-2D0F12C84B10}.Debug|x86.ActiveCfg = Debug|Any CPU
		{ACF42C81-C57B-4698-BC6F-2D0F12C84B10}.Debug|x86.Build.0 = Debug|Any CPU
		{ACF42C81-C57B-4698-BC6F-2D0F12C84B10}.Release|Any CPU.ActiveCfg = Release|Any CPU
		{ACF42C81-C57B-4698-BC6F-2D0F12C84B10}.Release|Any CPU.Build.0 = Release|Any CPU
		{ACF42C81-C57B-4698-BC6F-2D0F12C84B10}.Release|x86.ActiveCfg = Release|Any CPU
		{ACF42C81-C57B-4698-BC6F-2D0F12C84B10}.Release|x86.Build.0 = Release|Any CPU
		{87100A3B-CE02-4A9A-805B-C23D1C03A9A4}.Debug|Any CPU.ActiveCfg = Debug|x86
		{87100A3B-CE02-4A9A-805B-C23D1C03A9A4}.Debug|x86.ActiveCfg = Debug|x86
		{87100A3B-CE02-4A9A-805B-C23D1C03A9A4}.Debug|x86.Build.0 = Debug|x86
		{87100A3B-CE02-4A9A-805B-C23D1C03A9A4}.Release|Any CPU.ActiveCfg = Release|x86
		{87100A3B-CE02-4A9A-805B-C23D1C03A9A4}.Release|x86.ActiveCfg = Release|x86
		{87100A3B-CE02-4A9A-805B-C23D1C03A9A4}.Release|x86.Build.0 = Release|x86
		{D0206906-9F6F-4DC3-9A97-407B7F5EA3CF}.Debug|Any CPU.ActiveCfg = Debug|x86
		{D0206906-9F6F-4DC3-9A97-407B7F5EA3CF}.Debug|x86.ActiveCfg = Debug|x86
		{D0206906-9F6F-4DC3-9A97-407B7F5EA3CF}.Debug|x86.Build.0 = Debug|x86
		{D0206906-9F6F-4DC3-9A97-407B7F5EA3CF}.Release|Any CPU.ActiveCfg = Release|x86
		{D0206906-9F6F-4DC3-9A97-407B7F5EA3CF}.Release|x86.ActiveCfg = Release|x86
		{D0206906-9F6F-4DC3-9A97-407B7F5EA3CF}.Release|x86.Build.0 = Release|x86
	EndGlobalSection
	GlobalSection(SolutionProperties) = preSolution
		HideSolutionNode = FALSE
	EndGlobalSection
	GlobalSection(ExtensibilityGlobals) = postSolution
		SolutionGuid = {CBE13123-115A-44C0-8C80-5ABE34DCCA63}
	EndGlobalSection
EndGlobal
